
Microsoft Visual Studio Solution File, Format Version 12.00
# Visual Studio Version 17
VisualStudioVersion = 17.3.32922.545
MinimumVisualStudioVersion = 10.0.40219.1
Project("{9A19103F-16F7-4668-BE54-9A1E7A4F7556}") = "Task_004", "Task_004\Task_004.csproj", "{CB06577C-2250-4429-B67B-C5DA202FC606}"
EndProject
Global
	GlobalSection(SolutionConfigurationPlatforms) = preSolution
		Debug|Any CPU = Debug|Any CPU
		Release|Any CPU = Release|Any CPU
	EndGlobalSection
	GlobalSection(ProjectConfigurationPlatforms) = postSolution
		{CB06577C-2250-4429-B67B-C5DA202FC606}.Debug|Any CPU.ActiveCfg = Debug|Any CPU
		{CB06577C-2250-4429-B67B-C5DA202FC606}.Debug|Any CPU.Build.0 = Debug|Any CPU
		{CB06577C-2250-4429-B67B-C5DA202FC606}.Release|Any CPU.ActiveCfg = Release|Any CPU
		{CB06577C-2250-4429-B67B-C5DA202FC606}.Release|Any CPU.Build.0 = Release|Any CPU
	EndGlobalSection
	GlobalSection(SolutionProperties) = preSolution
		HideSolutionNode = FALSE
	EndGlobalSection
	GlobalSection(ExtensibilityGlobals) = postSolution
		SolutionGuid = {D9285CF6-56C0-4DA6-A92B-9179A62A7BF0}
	EndGlobalSection
EndGlobal
