
Microsoft Visual Studio Solution File, Format Version 12.00
# Visual Studio Version 17
VisualStudioVersion = 17.3.32922.545
MinimumVisualStudioVersion = 10.0.40219.1
Project("{FAE04EC0-301F-11D3-BF4B-00C04F79EFBC}") = "Task_001", "Task_001\Task_001.csproj", "{8DAC0560-A60A-454E-ACE3-7B0DA674B531}"
EndProject
Project("{FAE04EC0-301F-11D3-BF4B-00C04F79EFBC}") = "Task_002", "Task_002\Task_002.csproj", "{52887AD1-E682-4284-9C1B-549A64F5968A}"
EndProject
Global
	GlobalSection(SolutionConfigurationPlatforms) = preSolution
		Debug|Any CPU = Debug|Any CPU
		Release|Any CPU = Release|Any CPU
	EndGlobalSection
	GlobalSection(ProjectConfigurationPlatforms) = postSolution
		{8DAC0560-A60A-454E-ACE3-7B0DA674B531}.Debug|Any CPU.ActiveCfg = Debug|Any CPU
		{8DAC0560-A60A-454E-ACE3-7B0DA674B531}.Debug|Any CPU.Build.0 = Debug|Any CPU
		{8DAC0560-A60A-454E-ACE3-7B0DA674B531}.Release|Any CPU.ActiveCfg = Release|Any CPU
		{8DAC0560-A60A-454E-ACE3-7B0DA674B531}.Release|Any CPU.Build.0 = Release|Any CPU
		{52887AD1-E682-4284-9C1B-549A64F5968A}.Debug|Any CPU.ActiveCfg = Debug|Any CPU
		{52887AD1-E682-4284-9C1B-549A64F5968A}.Debug|Any CPU.Build.0 = Debug|Any CPU
		{52887AD1-E682-4284-9C1B-549A64F5968A}.Release|Any CPU.ActiveCfg = Release|Any CPU
		{52887AD1-E682-4284-9C1B-549A64F5968A}.Release|Any CPU.Build.0 = Release|Any CPU
	EndGlobalSection
	GlobalSection(SolutionProperties) = preSolution
		HideSolutionNode = FALSE
	EndGlobalSection
	GlobalSection(ExtensibilityGlobals) = postSolution
		SolutionGuid = {D9285CF6-56C0-4DA6-A92B-9179A62A7BF0}
	EndGlobalSection
EndGlobal
